
Microsoft Visual Studio Solution File, Format Version 12.00
# Visual Studio Version 17
VisualStudioVersion = 17.6.33815.320
MinimumVisualStudioVersion = 10.0.40219.1
Project("{8BC9CEB8-8B4A-11D0-8D11-00A0C91BC942}") = "Object", "Object\Object.vcxproj", "{F6F1A114-8C66-4F7B-BD70-07F39A2ECA01}"
EndProject
Project("{8BC9CEB8-8B4A-11D0-8D11-00A0C91BC942}") = "TVector", "TVector\TVector.vcxproj", "{C51127A4-B73D-4447-A188-1F828F878768}"
EndProject
Project("{8BC9CEB8-8B4A-11D0-8D11-00A0C91BC942}") = "Tests", "Tests\Tests.vcxproj", "{4A14BFE8-BE0E-49E8-B63E-88009C176492}"
EndProject
Project("{8BC9CEB8-8B4A-11D0-8D11-00A0C91BC942}") = "NPC", "NPC\NPC.vcxproj", "{933245E1-CE0C-4FF2-AEDB-EE4427DA1223}"
EndProject
Project("{8BC9CEB8-8B4A-11D0-8D11-00A0C91BC942}") = "Item", "Item\Item.vcxproj", "{57BF8D72-AE09-4A4E-B549-647C501A80AD}"
EndProject
Project("{8BC9CEB8-8B4A-11D0-8D11-00A0C91BC942}") = "Trader", "Trader\Trader.vcxproj", "{B0082105-7BBC-49B4-8988-62EF890A9518}"
EndProject
Project("{8BC9CEB8-8B4A-11D0-8D11-00A0C91BC942}") = "Character", "Character\Character.vcxproj", "{4841815E-2DBA-496B-85E8-B108D8AC5A50}"
EndProject
Project("{8BC9CEB8-8B4A-11D0-8D11-00A0C91BC942}") = "Backpack", "Backpack\Backpack.vcxproj", "{EF9B71C9-510C-475B-A030-2C25087B589B}"
EndProject
Project("{8BC9CEB8-8B4A-11D0-8D11-00A0C91BC942}") = "GameMap", "GameMap\GameMap.vcxproj", "{389D09D9-14E8-4CBD-ABC1-000E7E27949D}"
EndProject
Project("{8BC9CEB8-8B4A-11D0-8D11-00A0C91BC942}") = "Gameplay", "Gameplay\Gameplay.vcxproj", "{EC248A83-E03C-4F84-BBD2-472013D67C89}"
EndProject
Global
	GlobalSection(SolutionConfigurationPlatforms) = preSolution
		Debug|x64 = Debug|x64
		Debug|x86 = Debug|x86
		Release|x64 = Release|x64
		Release|x86 = Release|x86
	EndGlobalSection
	GlobalSection(ProjectConfigurationPlatforms) = postSolution
		{F6F1A114-8C66-4F7B-BD70-07F39A2ECA01}.Debug|x64.ActiveCfg = Debug|x64
		{F6F1A114-8C66-4F7B-BD70-07F39A2ECA01}.Debug|x64.Build.0 = Debug|x64
		{F6F1A114-8C66-4F7B-BD70-07F39A2ECA01}.Debug|x86.ActiveCfg = Debug|Win32
		{F6F1A114-8C66-4F7B-BD70-07F39A2ECA01}.Debug|x86.Build.0 = Debug|Win32
		{F6F1A114-8C66-4F7B-BD70-07F39A2ECA01}.Release|x64.ActiveCfg = Release|x64
		{F6F1A114-8C66-4F7B-BD70-07F39A2ECA01}.Release|x64.Build.0 = Release|x64
		{F6F1A114-8C66-4F7B-BD70-07F39A2ECA01}.Release|x86.ActiveCfg = Release|Win32
		{F6F1A114-8C66-4F7B-BD70-07F39A2ECA01}.Release|x86.Build.0 = Release|Win32
		{C51127A4-B73D-4447-A188-1F828F878768}.Debug|x64.ActiveCfg = Debug|x64
		{C51127A4-B73D-4447-A188-1F828F878768}.Debug|x64.Build.0 = Debug|x64
		{C51127A4-B73D-4447-A188-1F828F878768}.Debug|x86.ActiveCfg = Debug|Win32
		{C51127A4-B73D-4447-A188-1F828F878768}.Debug|x86.Build.0 = Debug|Win32
		{C51127A4-B73D-4447-A188-1F828F878768}.Release|x64.ActiveCfg = Release|x64
		{C51127A4-B73D-4447-A188-1F828F878768}.Release|x64.Build.0 = Release|x64
		{C51127A4-B73D-4447-A188-1F828F878768}.Release|x86.ActiveCfg = Release|Win32
		{C51127A4-B73D-4447-A188-1F828F878768}.Release|x86.Build.0 = Release|Win32
		{4A14BFE8-BE0E-49E8-B63E-88009C176492}.Debug|x64.ActiveCfg = Debug|x64
		{4A14BFE8-BE0E-49E8-B63E-88009C176492}.Debug|x64.Build.0 = Debug|x64
		{4A14BFE8-BE0E-49E8-B63E-88009C176492}.Debug|x86.ActiveCfg = Debug|Win32
		{4A14BFE8-BE0E-49E8-B63E-88009C176492}.Debug|x86.Build.0 = Debug|Win32
		{4A14BFE8-BE0E-49E8-B63E-88009C176492}.Release|x64.ActiveCfg = Release|x64
		{4A14BFE8-BE0E-49E8-B63E-88009C176492}.Release|x64.Build.0 = Release|x64
		{4A14BFE8-BE0E-49E8-B63E-88009C176492}.Release|x86.ActiveCfg = Release|Win32
		{4A14BFE8-BE0E-49E8-B63E-88009C176492}.Release|x86.Build.0 = Release|Win32
		{933245E1-CE0C-4FF2-AEDB-EE4427DA1223}.Debug|x64.ActiveCfg = Debug|x64
		{933245E1-CE0C-4FF2-AEDB-EE4427DA1223}.Debug|x64.Build.0 = Debug|x64
		{933245E1-CE0C-4FF2-AEDB-EE4427DA1223}.Debug|x86.ActiveCfg = Debug|Win32
		{933245E1-CE0C-4FF2-AEDB-EE4427DA1223}.Debug|x86.Build.0 = Debug|Win32
		{933245E1-CE0C-4FF2-AEDB-EE4427DA1223}.Release|x64.ActiveCfg = Release|x64
		{933245E1-CE0C-4FF2-AEDB-EE4427DA1223}.Release|x64.Build.0 = Release|x64
		{933245E1-CE0C-4FF2-AEDB-EE4427DA1223}.Release|x86.ActiveCfg = Release|Win32
		{933245E1-CE0C-4FF2-AEDB-EE4427DA1223}.Release|x86.Build.0 = Release|Win32
		{57BF8D72-AE09-4A4E-B549-647C501A80AD}.Debug|x64.ActiveCfg = Debug|x64
		{57BF8D72-AE09-4A4E-B549-647C501A80AD}.Debug|x64.Build.0 = Debug|x64
		{57BF8D72-AE09-4A4E-B549-647C501A80AD}.Debug|x86.ActiveCfg = Debug|Win32
		{57BF8D72-AE09-4A4E-B549-647C501A80AD}.Debug|x86.Build.0 = Debug|Win32
		{57BF8D72-AE09-4A4E-B549-647C501A80AD}.Release|x64.ActiveCfg = Release|x64
		{57BF8D72-AE09-4A4E-B549-647C501A80AD}.Release|x64.Build.0 = Release|x64
		{57BF8D72-AE09-4A4E-B549-647C501A80AD}.Release|x86.ActiveCfg = Release|Win32
		{57BF8D72-AE09-4A4E-B549-647C501A80AD}.Release|x86.Build.0 = Release|Win32
		{B0082105-7BBC-49B4-8988-62EF890A9518}.Debug|x64.ActiveCfg = Debug|x64
		{B0082105-7BBC-49B4-8988-62EF890A9518}.Debug|x64.Build.0 = Debug|x64
		{B0082105-7BBC-49B4-8988-62EF890A9518}.Debug|x86.ActiveCfg = Debug|Win32
		{B0082105-7BBC-49B4-8988-62EF890A9518}.Debug|x86.Build.0 = Debug|Win32
		{B0082105-7BBC-49B4-8988-62EF890A9518}.Release|x64.ActiveCfg = Release|x64
		{B0082105-7BBC-49B4-8988-62EF890A9518}.Release|x64.Build.0 = Release|x64
		{B0082105-7BBC-49B4-8988-62EF890A9518}.Release|x86.ActiveCfg = Release|Win32
		{B0082105-7BBC-49B4-8988-62EF890A9518}.Release|x86.Build.0 = Release|Win32
		{4841815E-2DBA-496B-85E8-B108D8AC5A50}.Debug|x64.ActiveCfg = Debug|x64
		{4841815E-2DBA-496B-85E8-B108D8AC5A50}.Debug|x64.Build.0 = Debug|x64
		{4841815E-2DBA-496B-85E8-B108D8AC5A50}.Debug|x86.ActiveCfg = Debug|Win32
		{4841815E-2DBA-496B-85E8-B108D8AC5A50}.Debug|x86.Build.0 = Debug|Win32
		{4841815E-2DBA-496B-85E8-B108D8AC5A50}.Release|x64.ActiveCfg = Release|x64
		{4841815E-2DBA-496B-85E8-B108D8AC5A50}.Release|x64.Build.0 = Release|x64
		{4841815E-2DBA-496B-85E8-B108D8AC5A50}.Release|x86.ActiveCfg = Release|Win32
		{4841815E-2DBA-496B-85E8-B108D8AC5A50}.Release|x86.Build.0 = Release|Win32
		{EF9B71C9-510C-475B-A030-2C25087B589B}.Debug|x64.ActiveCfg = Debug|x64
		{EF9B71C9-510C-475B-A030-2C25087B589B}.Debug|x64.Build.0 = Debug|x64
		{EF9B71C9-510C-475B-A030-2C25087B589B}.Debug|x86.ActiveCfg = Debug|Win32
		{EF9B71C9-510C-475B-A030-2C25087B589B}.Debug|x86.Build.0 = Debug|Win32
		{EF9B71C9-510C-475B-A030-2C25087B589B}.Release|x64.ActiveCfg = Release|x64
		{EF9B71C9-510C-475B-A030-2C25087B589B}.Release|x64.Build.0 = Release|x64
		{EF9B71C9-510C-475B-A030-2C25087B589B}.Release|x86.ActiveCfg = Release|Win32
		{EF9B71C9-510C-475B-A030-2C25087B589B}.Release|x86.Build.0 = Release|Win32
		{389D09D9-14E8-4CBD-ABC1-000E7E27949D}.Debug|x64.ActiveCfg = Debug|x64
		{389D09D9-14E8-4CBD-ABC1-000E7E27949D}.Debug|x64.Build.0 = Debug|x64
		{389D09D9-14E8-4CBD-ABC1-000E7E27949D}.Debug|x86.ActiveCfg = Debug|Win32
		{389D09D9-14E8-4CBD-ABC1-000E7E27949D}.Debug|x86.Build.0 = Debug|Win32
		{389D09D9-14E8-4CBD-ABC1-000E7E27949D}.Release|x64.ActiveCfg = Release|x64
		{389D09D9-14E8-4CBD-ABC1-000E7E27949D}.Release|x64.Build.0 = Release|x64
		{389D09D9-14E8-4CBD-ABC1-000E7E27949D}.Release|x86.ActiveCfg = Release|Win32
		{389D09D9-14E8-4CBD-ABC1-000E7E27949D}.Release|x86.Build.0 = Release|Win32
		{EC248A83-E03C-4F84-BBD2-472013D67C89}.Debug|x64.ActiveCfg = Debug|x64
		{EC248A83-E03C-4F84-BBD2-472013D67C89}.Debug|x64.Build.0 = Debug|x64
		{EC248A83-E03C-4F84-BBD2-472013D67C89}.Debug|x86.ActiveCfg = Debug|Win32
		{EC248A83-E03C-4F84-BBD2-472013D67C89}.Debug|x86.Build.0 = Debug|Win32
		{EC248A83-E03C-4F84-BBD2-472013D67C89}.Release|x64.ActiveCfg = Release|x64
		{EC248A83-E03C-4F84-BBD2-472013D67C89}.Release|x64.Build.0 = Release|x64
		{EC248A83-E03C-4F84-BBD2-472013D67C89}.Release|x86.ActiveCfg = Release|Win32
		{EC248A83-E03C-4F84-BBD2-472013D67C89}.Release|x86.Build.0 = Release|Win32
	EndGlobalSection
	GlobalSection(SolutionProperties) = preSolution
		HideSolutionNode = FALSE
	EndGlobalSection
	GlobalSection(ExtensibilityGlobals) = postSolution
		SolutionGuid = {8A31B00E-3ADF-43A0-A0C7-5A2049E1CD0B}
	EndGlobalSection
EndGlobal
